<?xml version="1.0" encoding="utf-8"?>
<Project ToolsVersion="16.0" xmlns="http://schemas.microsoft.com/developer/msbuild/2003">
  <ItemGroup>
    <ClCompile Include="C:\Users\User\2021_20404444\Worksheet4\calc_cmake\calc.cpp">
      <Filter>Source Files</Filter>
    </ClCompile>
  </ItemGroup>
  <ItemGroup>
    <CustomBuild Include="C:\Users\User\2021_20404444\Worksheet4\calc_cmake\CMakeLists.txt" />
  </ItemGroup>
  <ItemGroup>
    <Filter Include="Source Files">
      <UniqueIdentifier>{9B398221-FE05-3766-A56A-D0EE9C075F15}</UniqueIdentifier>
    </Filter>
  </ItemGroup>
</Project>
