
Microsoft Visual Studio Solution File, Format Version 12.00
# Visual Studio Version 16
Project("{8BC9CEB8-8B4A-11D0-8D11-00A0C91BC942}") = "ALL_BUILD", "ALL_BUILD.vcxproj", "{FCEEF9CC-8B3B-3BFB-8F1B-52ACF9DA0D20}"
	ProjectSection(ProjectDependencies) = postProject
		{8C8A8271-EFC3-37D7-99C7-08B88431FF46} = {8C8A8271-EFC3-37D7-99C7-08B88431FF46}
		{F6E04E1D-C0D3-3AF8-947B-631849066E09} = {F6E04E1D-C0D3-3AF8-947B-631849066E09}
		{B8E3D7BB-508E-393B-BF6D-3B373316C8F1} = {B8E3D7BB-508E-393B-BF6D-3B373316C8F1}
	EndProjectSection
EndProject
Project("{8BC9CEB8-8B4A-11D0-8D11-00A0C91BC942}") = "ZERO_CHECK", "ZERO_CHECK.vcxproj", "{8C8A8271-EFC3-37D7-99C7-08B88431FF46}"
	ProjectSection(ProjectDependencies) = postProject
	EndProjectSection
EndProject
Project("{8BC9CEB8-8B4A-11D0-8D11-00A0C91BC942}") = "calc", "calc.vcxproj", "{F6E04E1D-C0D3-3AF8-947B-631849066E09}"
	ProjectSection(ProjectDependencies) = postProject
		{8C8A8271-EFC3-37D7-99C7-08B88431FF46} = {8C8A8271-EFC3-37D7-99C7-08B88431FF46}
		{B8E3D7BB-508E-393B-BF6D-3B373316C8F1} = {B8E3D7BB-508E-393B-BF6D-3B373316C8F1}
	EndProjectSection
EndProject
Project("{8BC9CEB8-8B4A-11D0-8D11-00A0C91BC942}") = "maths", "maths.vcxproj", "{B8E3D7BB-508E-393B-BF6D-3B373316C8F1}"
	ProjectSection(ProjectDependencies) = postProject
		{8C8A8271-EFC3-37D7-99C7-08B88431FF46} = {8C8A8271-EFC3-37D7-99C7-08B88431FF46}
	EndProjectSection
EndProject
Global
	GlobalSection(SolutionConfigurationPlatforms) = preSolution
		Debug|x64 = Debug|x64
		Release|x64 = Release|x64
		MinSizeRel|x64 = MinSizeRel|x64
		RelWithDebInfo|x64 = RelWithDebInfo|x64
	EndGlobalSection
	GlobalSection(ProjectConfigurationPlatforms) = postSolution
		{FCEEF9CC-8B3B-3BFB-8F1B-52ACF9DA0D20}.Debug|x64.ActiveCfg = Debug|x64
		{FCEEF9CC-8B3B-3BFB-8F1B-52ACF9DA0D20}.Release|x64.ActiveCfg = Release|x64
		{FCEEF9CC-8B3B-3BFB-8F1B-52ACF9DA0D20}.MinSizeRel|x64.ActiveCfg = MinSizeRel|x64
		{FCEEF9CC-8B3B-3BFB-8F1B-52ACF9DA0D20}.RelWithDebInfo|x64.ActiveCfg = RelWithDebInfo|x64
		{8C8A8271-EFC3-37D7-99C7-08B88431FF46}.Debug|x64.ActiveCfg = Debug|x64
		{8C8A8271-EFC3-37D7-99C7-08B88431FF46}.Debug|x64.Build.0 = Debug|x64
		{8C8A8271-EFC3-37D7-99C7-08B88431FF46}.Release|x64.ActiveCfg = Release|x64
		{8C8A8271-EFC3-37D7-99C7-08B88431FF46}.Release|x64.Build.0 = Release|x64
		{8C8A8271-EFC3-37D7-99C7-08B88431FF46}.MinSizeRel|x64.ActiveCfg = MinSizeRel|x64
		{8C8A8271-EFC3-37D7-99C7-08B88431FF46}.MinSizeRel|x64.Build.0 = MinSizeRel|x64
		{8C8A8271-EFC3-37D7-99C7-08B88431FF46}.RelWithDebInfo|x64.ActiveCfg = RelWithDebInfo|x64
		{8C8A8271-EFC3-37D7-99C7-08B88431FF46}.RelWithDebInfo|x64.Build.0 = RelWithDebInfo|x64
		{F6E04E1D-C0D3-3AF8-947B-631849066E09}.Debug|x64.ActiveCfg = Debug|x64
		{F6E04E1D-C0D3-3AF8-947B-631849066E09}.Debug|x64.Build.0 = Debug|x64
		{F6E04E1D-C0D3-3AF8-947B-631849066E09}.Release|x64.ActiveCfg = Release|x64
		{F6E04E1D-C0D3-3AF8-947B-631849066E09}.Release|x64.Build.0 = Release|x64
		{F6E04E1D-C0D3-3AF8-947B-631849066E09}.MinSizeRel|x64.ActiveCfg = MinSizeRel|x64
		{F6E04E1D-C0D3-3AF8-947B-631849066E09}.MinSizeRel|x64.Build.0 = MinSizeRel|x64
		{F6E04E1D-C0D3-3AF8-947B-631849066E09}.RelWithDebInfo|x64.ActiveCfg = RelWithDebInfo|x64
		{F6E04E1D-C0D3-3AF8-947B-631849066E09}.RelWithDebInfo|x64.Build.0 = RelWithDebInfo|x64
		{B8E3D7BB-508E-393B-BF6D-3B373316C8F1}.Debug|x64.ActiveCfg = Debug|x64
		{B8E3D7BB-508E-393B-BF6D-3B373316C8F1}.Debug|x64.Build.0 = Debug|x64
		{B8E3D7BB-508E-393B-BF6D-3B373316C8F1}.Release|x64.ActiveCfg = Release|x64
		{B8E3D7BB-508E-393B-BF6D-3B373316C8F1}.Release|x64.Build.0 = Release|x64
		{B8E3D7BB-508E-393B-BF6D-3B373316C8F1}.MinSizeRel|x64.ActiveCfg = MinSizeRel|x64
		{B8E3D7BB-508E-393B-BF6D-3B373316C8F1}.MinSizeRel|x64.Build.0 = MinSizeRel|x64
		{B8E3D7BB-508E-393B-BF6D-3B373316C8F1}.RelWithDebInfo|x64.ActiveCfg = RelWithDebInfo|x64
		{B8E3D7BB-508E-393B-BF6D-3B373316C8F1}.RelWithDebInfo|x64.Build.0 = RelWithDebInfo|x64
	EndGlobalSection
	GlobalSection(ExtensibilityGlobals) = postSolution
		SolutionGuid = {6B2DA5E4-5C96-34ED-BD46-C1D8A6F695D5}
	EndGlobalSection
	GlobalSection(ExtensibilityAddIns) = postSolution
	EndGlobalSection
EndGlobal
