
Microsoft Visual Studio Solution File, Format Version 12.00
# Visual Studio Version 16
Project("{8BC9CEB8-8B4A-11D0-8D11-00A0C91BC942}") = "ALL_BUILD", "ALL_BUILD.vcxproj", "{F7BBA9FD-8CDE-3EE7-85E1-8A87900C2F70}"
	ProjectSection(ProjectDependencies) = postProject
		{1E714B57-7356-33A1-A085-835812EBC5E4} = {1E714B57-7356-33A1-A085-835812EBC5E4}
		{F6C51653-5FAA-3B1C-8745-56586CDE8FCB} = {F6C51653-5FAA-3B1C-8745-56586CDE8FCB}
		{39DBF3E6-0843-3D15-B1A6-4CCD802BC61B} = {39DBF3E6-0843-3D15-B1A6-4CCD802BC61B}
	EndProjectSection
EndProject
Project("{8BC9CEB8-8B4A-11D0-8D11-00A0C91BC942}") = "ZERO_CHECK", "ZERO_CHECK.vcxproj", "{1E714B57-7356-33A1-A085-835812EBC5E4}"
	ProjectSection(ProjectDependencies) = postProject
	EndProjectSection
EndProject
Project("{8BC9CEB8-8B4A-11D0-8D11-00A0C91BC942}") = "calc", "calc.vcxproj", "{F6C51653-5FAA-3B1C-8745-56586CDE8FCB}"
	ProjectSection(ProjectDependencies) = postProject
		{1E714B57-7356-33A1-A085-835812EBC5E4} = {1E714B57-7356-33A1-A085-835812EBC5E4}
		{39DBF3E6-0843-3D15-B1A6-4CCD802BC61B} = {39DBF3E6-0843-3D15-B1A6-4CCD802BC61B}
	EndProjectSection
EndProject
Project("{8BC9CEB8-8B4A-11D0-8D11-00A0C91BC942}") = "maths", "maths.vcxproj", "{39DBF3E6-0843-3D15-B1A6-4CCD802BC61B}"
	ProjectSection(ProjectDependencies) = postProject
		{1E714B57-7356-33A1-A085-835812EBC5E4} = {1E714B57-7356-33A1-A085-835812EBC5E4}
	EndProjectSection
EndProject
Global
	GlobalSection(SolutionConfigurationPlatforms) = preSolution
		Debug|x64 = Debug|x64
		Release|x64 = Release|x64
		MinSizeRel|x64 = MinSizeRel|x64
		RelWithDebInfo|x64 = RelWithDebInfo|x64
	EndGlobalSection
	GlobalSection(ProjectConfigurationPlatforms) = postSolution
		{F7BBA9FD-8CDE-3EE7-85E1-8A87900C2F70}.Debug|x64.ActiveCfg = Debug|x64
		{F7BBA9FD-8CDE-3EE7-85E1-8A87900C2F70}.Release|x64.ActiveCfg = Release|x64
		{F7BBA9FD-8CDE-3EE7-85E1-8A87900C2F70}.MinSizeRel|x64.ActiveCfg = MinSizeRel|x64
		{F7BBA9FD-8CDE-3EE7-85E1-8A87900C2F70}.RelWithDebInfo|x64.ActiveCfg = RelWithDebInfo|x64
		{1E714B57-7356-33A1-A085-835812EBC5E4}.Debug|x64.ActiveCfg = Debug|x64
		{1E714B57-7356-33A1-A085-835812EBC5E4}.Debug|x64.Build.0 = Debug|x64
		{1E714B57-7356-33A1-A085-835812EBC5E4}.Release|x64.ActiveCfg = Release|x64
		{1E714B57-7356-33A1-A085-835812EBC5E4}.Release|x64.Build.0 = Release|x64
		{1E714B57-7356-33A1-A085-835812EBC5E4}.MinSizeRel|x64.ActiveCfg = MinSizeRel|x64
		{1E714B57-7356-33A1-A085-835812EBC5E4}.MinSizeRel|x64.Build.0 = MinSizeRel|x64
		{1E714B57-7356-33A1-A085-835812EBC5E4}.RelWithDebInfo|x64.ActiveCfg = RelWithDebInfo|x64
		{1E714B57-7356-33A1-A085-835812EBC5E4}.RelWithDebInfo|x64.Build.0 = RelWithDebInfo|x64
		{F6C51653-5FAA-3B1C-8745-56586CDE8FCB}.Debug|x64.ActiveCfg = Debug|x64
		{F6C51653-5FAA-3B1C-8745-56586CDE8FCB}.Debug|x64.Build.0 = Debug|x64
		{F6C51653-5FAA-3B1C-8745-56586CDE8FCB}.Release|x64.ActiveCfg = Release|x64
		{F6C51653-5FAA-3B1C-8745-56586CDE8FCB}.Release|x64.Build.0 = Release|x64
		{F6C51653-5FAA-3B1C-8745-56586CDE8FCB}.MinSizeRel|x64.ActiveCfg = MinSizeRel|x64
		{F6C51653-5FAA-3B1C-8745-56586CDE8FCB}.MinSizeRel|x64.Build.0 = MinSizeRel|x64
		{F6C51653-5FAA-3B1C-8745-56586CDE8FCB}.RelWithDebInfo|x64.ActiveCfg = RelWithDebInfo|x64
		{F6C51653-5FAA-3B1C-8745-56586CDE8FCB}.RelWithDebInfo|x64.Build.0 = RelWithDebInfo|x64
		{39DBF3E6-0843-3D15-B1A6-4CCD802BC61B}.Debug|x64.ActiveCfg = Debug|x64
		{39DBF3E6-0843-3D15-B1A6-4CCD802BC61B}.Debug|x64.Build.0 = Debug|x64
		{39DBF3E6-0843-3D15-B1A6-4CCD802BC61B}.Release|x64.ActiveCfg = Release|x64
		{39DBF3E6-0843-3D15-B1A6-4CCD802BC61B}.Release|x64.Build.0 = Release|x64
		{39DBF3E6-0843-3D15-B1A6-4CCD802BC61B}.MinSizeRel|x64.ActiveCfg = MinSizeRel|x64
		{39DBF3E6-0843-3D15-B1A6-4CCD802BC61B}.MinSizeRel|x64.Build.0 = MinSizeRel|x64
		{39DBF3E6-0843-3D15-B1A6-4CCD802BC61B}.RelWithDebInfo|x64.ActiveCfg = RelWithDebInfo|x64
		{39DBF3E6-0843-3D15-B1A6-4CCD802BC61B}.RelWithDebInfo|x64.Build.0 = RelWithDebInfo|x64
	EndGlobalSection
	GlobalSection(ExtensibilityGlobals) = postSolution
		SolutionGuid = {C4A601AE-069A-31D2-8749-051F9FBD7C28}
	EndGlobalSection
	GlobalSection(ExtensibilityAddIns) = postSolution
	EndGlobalSection
EndGlobal
