<?xml version="1.0" encoding="utf-8"?>
<Project ToolsVersion="16.0" xmlns="http://schemas.microsoft.com/developer/msbuild/2003">
  <ItemGroup>
    <ClCompile Include="C:\Users\User\2021_20404444\Worksheet4\calc_cmake\adder.cpp">
      <Filter>Source Files</Filter>
    </ClCompile>
  </ItemGroup>
  <ItemGroup>
    <CustomBuild Include="C:\Users\User\2021_20404444\Worksheet4\calc_cmake\CMakeLists.txt" />
  </ItemGroup>
  <ItemGroup>
    <Filter Include="Source Files">
      <UniqueIdentifier>{CA00FA86-9BF4-39E9-9416-1B6B4F75BF47}</UniqueIdentifier>
    </Filter>
  </ItemGroup>
</Project>
